
Microsoft Visual Studio Solution File, Format Version 12.00
# Visual Studio 15
VisualStudioVersion = 15.0.28307.1738
MinimumVisualStudioVersion = 10.0.40219.1
Project("{8BC9CEB8-8B4A-11D0-8D11-00A0C91BC942}") = "RFID", "RFID\RFID.vcxproj", "{FF9095E5-4E80-461E-80F7-5A081478DFF9}"
EndProject
Global
	GlobalSection(SolutionConfigurationPlatforms) = preSolution
		Debug|x64 = Debug|x64
		Release|x64 = Release|x64
	EndGlobalSection
	GlobalSection(ProjectConfigurationPlatforms) = postSolution
		{FF9095E5-4E80-461E-80F7-5A081478DFF9}.Debug|x64.ActiveCfg = Debug|x64
		{FF9095E5-4E80-461E-80F7-5A081478DFF9}.Debug|x64.Build.0 = Debug|x64
		{FF9095E5-4E80-461E-80F7-5A081478DFF9}.Release|x64.ActiveCfg = Release|x64
		{FF9095E5-4E80-461E-80F7-5A081478DFF9}.Release|x64.Build.0 = Release|x64
	EndGlobalSection
	GlobalSection(SolutionProperties) = preSolution
		HideSolutionNode = FALSE
	EndGlobalSection
	GlobalSection(ExtensibilityGlobals) = postSolution
		SolutionGuid = {5ED0E353-535D-45E3-87AD-25C4F3A74F79}
	EndGlobalSection
EndGlobal
